
Microsoft Visual Studio Solution File, Format Version 12.00
# Visual Studio Version 17
VisualStudioVersion = 17.10.35122.118
MinimumVisualStudioVersion = 10.0.40219.1
Project("{9A19103F-16F7-4668-BE54-9A1E7A4F7556}") = "AoC2024.Tests", "AoC.2024.Tests\AoC2024.Tests.csproj", "{F4A59382-13D3-49AE-B57A-ECB4BE7F055B}"
EndProject
Project("{9A19103F-16F7-4668-BE54-9A1E7A4F7556}") = "AoC2024", "AoC.2024\AoC2024.csproj", "{C310758A-744E-4658-9028-127D07182F51}"
EndProject
Global
	GlobalSection(SolutionConfigurationPlatforms) = preSolution
		Debug|Any CPU = Debug|Any CPU
		Release|Any CPU = Release|Any CPU
	EndGlobalSection
	GlobalSection(ProjectConfigurationPlatforms) = postSolution
		{F4A59382-13D3-49AE-B57A-ECB4BE7F055B}.Debug|Any CPU.ActiveCfg = Debug|Any CPU
		{F4A59382-13D3-49AE-B57A-ECB4BE7F055B}.Debug|Any CPU.Build.0 = Debug|Any CPU
		{F4A59382-13D3-49AE-B57A-ECB4BE7F055B}.Release|Any CPU.ActiveCfg = Release|Any CPU
		{F4A59382-13D3-49AE-B57A-ECB4BE7F055B}.Release|Any CPU.Build.0 = Release|Any CPU
		{C310758A-744E-4658-9028-127D07182F51}.Debug|Any CPU.ActiveCfg = Debug|Any CPU
		{C310758A-744E-4658-9028-127D07182F51}.Debug|Any CPU.Build.0 = Debug|Any CPU
		{C310758A-744E-4658-9028-127D07182F51}.Release|Any CPU.ActiveCfg = Release|Any CPU
		{C310758A-744E-4658-9028-127D07182F51}.Release|Any CPU.Build.0 = Release|Any CPU
	EndGlobalSection
	GlobalSection(SolutionProperties) = preSolution
		HideSolutionNode = FALSE
	EndGlobalSection
	GlobalSection(ExtensibilityGlobals) = postSolution
		SolutionGuid = {C993F920-BA91-4142-94D5-6275F870E731}
	EndGlobalSection
EndGlobal
